
Microsoft Visual Studio Solution File, Format Version 12.00
# Visual Studio Version 17
VisualStudioVersion = 17.9.34701.34
MinimumVisualStudioVersion = 10.0.40219.1
Project("{FAE04EC0-301F-11D3-BF4B-00C04F79EFBC}") = "ApinasaRBA", "ApinasaRBA\ApinasaRBA.csproj", "{6436C8C9-A2D1-4BAB-ABA7-063C10CECA33}"
EndProject
Global
	GlobalSection(SolutionConfigurationPlatforms) = preSolution
		Debug|Any CPU = Debug|Any CPU
		Release|Any CPU = Release|Any CPU
	EndGlobalSection
	GlobalSection(ProjectConfigurationPlatforms) = postSolution
		{6436C8C9-A2D1-4BAB-ABA7-063C10CECA33}.Debug|Any CPU.ActiveCfg = Debug|Any CPU
		{6436C8C9-A2D1-4BAB-ABA7-063C10CECA33}.Debug|Any CPU.Build.0 = Debug|Any CPU
		{6436C8C9-A2D1-4BAB-ABA7-063C10CECA33}.Debug|Any CPU.Deploy.0 = Debug|Any CPU
		{6436C8C9-A2D1-4BAB-ABA7-063C10CECA33}.Release|Any CPU.ActiveCfg = Release|Any CPU
		{6436C8C9-A2D1-4BAB-ABA7-063C10CECA33}.Release|Any CPU.Build.0 = Release|Any CPU
		{6436C8C9-A2D1-4BAB-ABA7-063C10CECA33}.Release|Any CPU.Deploy.0 = Release|Any CPU
	EndGlobalSection
	GlobalSection(SolutionProperties) = preSolution
		HideSolutionNode = FALSE
	EndGlobalSection
	GlobalSection(ExtensibilityGlobals) = postSolution
		SolutionGuid = {8D8D4E42-476A-4F54-B5AF-186C25014AC6}
	EndGlobalSection
EndGlobal
